// !$*UTF8*$!
{
	archiveVersion = 1;
	classes = {
	};
	objectVersion = 70;
	objects = {

/* Begin PBXBuildFile section */
		12574DD8CDB9DC854DF1002A /* TindeqProtocolTests.swift in Sources */ = {isa = PBXBuildFile; fileRef = 9EC9F5B488A0339C14A6B73A /* TindeqProtocolTests.swift */; };
		1BF20E03909FE5E21FAE141B /* TindeqRecordingLimitTests.swift in Sources */ = {isa = PBXBuildFile; fileRef = A1C7C9314801ADDD0DB38472 /* TindeqRecordingLimitTests.swift */; };
		2FAD9763203C412B000D30F8 /* config.xml in Resources */ = {isa = PBXBuildFile; fileRef = 2FAD9762203C412B000D30F8 /* config.xml */; };
		2FEC1DFCEBB8AE841B0DD4E3 /* PrivacyInfo.xcprivacy in Resources */ = {isa = PBXBuildFile; fileRef = 4CCE65502100282783D5231B /* PrivacyInfo.xcprivacy */; };
		328AD2C63004617A00E07518 /* SendLogWatch Watch App.app in Embed Watch Content */ = {isa = PBXBuildFile; fileRef = 328AD0DC30045D4800E07518 /* SendLogWatch Watch App.app */; settings = {ATTRIBUTES = (RemoveHeadersOnCopy, ); }; };
		37845A5B0C017FA359DFDF8E /* Foundation.framework in Frameworks */ = {isa = PBXBuildFile; fileRef = 6CA278E81C6E14A40B4C9C69 /* Foundation.framework */; };
		3A856EED4D66D4946E91DCAA /* Foundation.framework in Frameworks */ = {isa = PBXBuildFile; fileRef = 481650BBB5C256BE2759C477 /* Foundation.framework */; };
		40B1A8847484519ACCBC6BAE /* SendmeterWidgets.appex in Embed Foundation Extensions */ = {isa = PBXBuildFile; fileRef = 32A305250A36E690BA4EB57B /* SendmeterWidgets.appex */; settings = {ATTRIBUTES = (RemoveHeadersOnCopy, ); }; };
		4544E159901794DC3E085205 /* LiveActivityIntents.swift in Sources */ = {isa = PBXBuildFile; fileRef = 56044BF7621E26700DF3ACBC /* LiveActivityIntents.swift */; };
		498D2C0A73BE410711C4CD53 /* Supabase in Frameworks */ = {isa = PBXBuildFile; productRef = 665354DA3AF13BA04D7AADA0 /* Supabase */; };
		4D22ABE92AF431CB00220026 /* CapApp-SPM in Frameworks */ = {isa = PBXBuildFile; productRef = 4D22ABE82AF431CB00220026 /* CapApp-SPM */; };
		5EC0A003B003C003D003E003 /* SendLogWatchCore in Frameworks */ = {isa = PBXBuildFile; productRef = 5EC0A002B002C002D002E002 /* SendLogWatchCore */; };
		5EC0A005B005C005D005E005 /* SendLogWatchCore in Frameworks */ = {isa = PBXBuildFile; productRef = 5EC0A004B004C004D004E004 /* SendLogWatchCore */; };
		4F9BA0DA906E18E88FCDFCA8 /* DateExtensionsTests.swift in Sources */ = {isa = PBXBuildFile; fileRef = 929803D573A0FA4074230787 /* DateExtensionsTests.swift */; };
		A1B2C3D4E5F60718293A4B5C /* PendingQueueUserMatchTests.swift in Sources */ = {isa = PBXBuildFile; fileRef = 5C4B3A2918706F5E4D3C2B1A /* PendingQueueUserMatchTests.swift */; };
		D1C2B3A4F5E6708192A3B4C5 /* ACWRTests.swift in Sources */ = {isa = PBXBuildFile; fileRef = F5E4D3C2B1A029384756A1B2 /* ACWRTests.swift */; };
		50379B232058CBB4000EE86E /* capacitor.config.json in Resources */ = {isa = PBXBuildFile; fileRef = 50379B222058CBB4000EE86E /* capacitor.config.json */; };
		504EC3081FED79650016851F /* AppDelegate.swift in Sources */ = {isa = PBXBuildFile; fileRef = 504EC3071FED79650016851F /* AppDelegate.swift */; };
		504EC30D1FED79650016851F /* Main.storyboard in Resources */ = {isa = PBXBuildFile; fileRef = 504EC30B1FED79650016851F /* Main.storyboard */; };
		504EC30F1FED79650016851F /* Assets.xcassets in Resources */ = {isa = PBXBuildFile; fileRef = 504EC30E1FED79650016851F /* Assets.xcassets */; };
		504EC3121FED79650016851F /* LaunchScreen.storyboard in Resources */ = {isa = PBXBuildFile; fileRef = 504EC3101FED79650016851F /* LaunchScreen.storyboard */; };
		50B271D11FEDC1A000F3C39B /* public in Resources */ = {isa = PBXBuildFile; fileRef = 50B271D01FEDC1A000F3C39B /* public */; };
		607EED49313DF8C069EB9C0E /* RPEModelTests.swift in Sources */ = {isa = PBXBuildFile; fileRef = 553B8BF3677F8970A9F8B943 /* RPEModelTests.swift */; };
		4663826F0A95D4D7C303497D /* RPEDepletionTests.swift in Sources */ = {isa = PBXBuildFile; fileRef = 906892CDB6C18118BDF95638 /* RPEDepletionTests.swift */; };
		703E0DDDB01CECCD44C5799A /* TagReconciliationTests.swift in Sources */ = {isa = PBXBuildFile; fileRef = C78B4050D2AFE4FFC205D1C0 /* TagReconciliationTests.swift */; };
		84A773B1BB150F1AB8E722B3 /* SendLogWatchWidgets.appex in Embed Foundation Extensions */ = {isa = PBXBuildFile; fileRef = 4ED1337E0BF37CC3D16491E5 /* SendLogWatchWidgets.appex */; settings = {ATTRIBUTES = (RemoveHeadersOnCopy, ); }; };
		CBB4AD95D3BAB579DA581273 /* Foundation.framework in Frameworks */ = {isa = PBXBuildFile; fileRef = 6CA278E81C6E14A40B4C9C69 /* Foundation.framework */; };
		E66495B25A205483CE4E7931 /* AttemptDetectorTests.swift in Sources */ = {isa = PBXBuildFile; fileRef = 1656D7A7F87A58F009959FCB /* AttemptDetectorTests.swift */; };
/* End PBXBuildFile section */

/* Begin PBXContainerItemProxy section */
		123B8A60F58E2F120CF01DC9 /* PBXContainerItemProxy */ = {
			isa = PBXContainerItemProxy;
			containerPortal = 504EC2FC1FED79650016851F /* Project object */;
			proxyType = 1;
			remoteGlobalIDString = B2CF05C3E88AD814CCA34E28;
			remoteInfo = SendLogWatchWidgets;
		};
		328AD2C73004617A00E07518 /* PBXContainerItemProxy */ = {
			isa = PBXContainerItemProxy;
			containerPortal = 504EC2FC1FED79650016851F /* Project object */;
			proxyType = 1;
			remoteGlobalIDString = 328AD0DB30045D4800E07518;
			remoteInfo = "SendLogWatch Watch App";
		};
		328AD2CA3004618C00E07518 /* PBXContainerItemProxy */ = {
			isa = PBXContainerItemProxy;
			containerPortal = 504EC2FC1FED79650016851F /* Project object */;
			proxyType = 1;
			remoteGlobalIDString = 328AD0DB30045D4800E07518;
			remoteInfo = "SendLogWatch Watch App";
		};
		328AD2CC300461AE00E07518 /* PBXContainerItemProxy */ = {
			isa = PBXContainerItemProxy;
			containerPortal = 504EC2FC1FED79650016851F /* Project object */;
			proxyType = 1;
			remoteGlobalIDString = 328AD0DB30045D4800E07518;
			remoteInfo = "SendLogWatch Watch App";
		};
		926733BC9EC40EC0249A7CBB /* PBXContainerItemProxy */ = {
			isa = PBXContainerItemProxy;
			containerPortal = 504EC2FC1FED79650016851F /* Project object */;
			proxyType = 1;
			remoteGlobalIDString = 1EB3C9CF7861F80AF4D24357;
			remoteInfo = SendmeterWidgets;
		};
		F083A730EE0D89E5788A27C9 /* PBXContainerItemProxy */ = {
			isa = PBXContainerItemProxy;
			containerPortal = 504EC2FC1FED79650016851F /* Project object */;
			proxyType = 1;
			remoteGlobalIDString = 328AD0DB30045D4800E07518;
			remoteInfo = "SendLogWatch Watch App";
		};
/* End PBXContainerItemProxy section */

/* Begin PBXCopyFilesBuildPhase section */
		2B157C3DA87086072CF72B26 /* Embed Foundation Extensions */ = {
			isa = PBXCopyFilesBuildPhase;
			buildActionMask = 2147483647;
			dstPath = "";
			dstSubfolderSpec = 13;
			files = (
				84A773B1BB150F1AB8E722B3 /* SendLogWatchWidgets.appex in Embed Foundation Extensions */,
			);
			name = "Embed Foundation Extensions";
			runOnlyForDeploymentPostprocessing = 0;
		};
		328AD2C93004617A00E07518 /* Embed Watch Content */ = {
			isa = PBXCopyFilesBuildPhase;
			buildActionMask = 2147483647;
			dstPath = "$(CONTENTS_FOLDER_PATH)/Watch";
			dstSubfolderSpec = 16;
			files = (
				328AD2C63004617A00E07518 /* SendLogWatch Watch App.app in Embed Watch Content */,
			);
			name = "Embed Watch Content";
			runOnlyForDeploymentPostprocessing = 0;
		};
		50CF4BAB3B560626A8238CD7 /* Embed Foundation Extensions */ = {
			isa = PBXCopyFilesBuildPhase;
			buildActionMask = 2147483647;
			dstPath = "";
			dstSubfolderSpec = 13;
			files = (
				40B1A8847484519ACCBC6BAE /* SendmeterWidgets.appex in Embed Foundation Extensions */,
			);
			name = "Embed Foundation Extensions";
			runOnlyForDeploymentPostprocessing = 0;
		};
/* End PBXCopyFilesBuildPhase section */

/* Begin PBXFileReference section */
		1656D7A7F87A58F009959FCB /* AttemptDetectorTests.swift */ = {isa = PBXFileReference; includeInIndex = 1; lastKnownFileType = sourcecode.swift; path = "../SendLogWatchCore/Tests/SendLogWatchCoreTests/AttemptDetectorTests.swift"; sourceTree = "<group>"; };
		2FAD9762203C412B000D30F8 /* config.xml */ = {isa = PBXFileReference; lastKnownFileType = text.xml; path = config.xml; sourceTree = "<group>"; };
		328AD0DC30045D4800E07518 /* SendLogWatch Watch App.app */ = {isa = PBXFileReference; explicitFileType = wrapper.application; includeInIndex = 0; path = "SendLogWatch Watch App.app"; sourceTree = BUILT_PRODUCTS_DIR; };
		32A305250A36E690BA4EB57B /* SendmeterWidgets.appex */ = {isa = PBXFileReference; explicitFileType = "wrapper.app-extension"; includeInIndex = 0; path = SendmeterWidgets.appex; sourceTree = BUILT_PRODUCTS_DIR; };
		481650BBB5C256BE2759C477 /* Foundation.framework */ = {isa = PBXFileReference; lastKnownFileType = wrapper.framework; name = Foundation.framework; path = Platforms/iPhoneOS.platform/Developer/SDKs/iPhoneOS26.0.sdk/System/Library/Frameworks/Foundation.framework; sourceTree = DEVELOPER_DIR; };
		4CCE65502100282783D5231B /* PrivacyInfo.xcprivacy */ = {isa = PBXFileReference; lastKnownFileType = text.xml; path = PrivacyInfo.xcprivacy; sourceTree = "<group>"; };
		4ED1337E0BF37CC3D16491E5 /* SendLogWatchWidgets.appex */ = {isa = PBXFileReference; explicitFileType = "wrapper.app-extension"; includeInIndex = 0; path = SendLogWatchWidgets.appex; sourceTree = BUILT_PRODUCTS_DIR; };
		50379B222058CBB4000EE86E /* capacitor.config.json */ = {isa = PBXFileReference; fileEncoding = 4; lastKnownFileType = text.json; path = capacitor.config.json; sourceTree = "<group>"; };
		504EC3041FED79650016851F /* App.app */ = {isa = PBXFileReference; explicitFileType = wrapper.application; includeInIndex = 0; path = App.app; sourceTree = BUILT_PRODUCTS_DIR; };
		504EC3071FED79650016851F /* AppDelegate.swift */ = {isa = PBXFileReference; lastKnownFileType = sourcecode.swift; path = AppDelegate.swift; sourceTree = "<group>"; };
		504EC30C1FED79650016851F /* Base */ = {isa = PBXFileReference; lastKnownFileType = file.storyboard; name = Base; path = Base.lproj/Main.storyboard; sourceTree = "<group>"; };
		504EC30E1FED79650016851F /* Assets.xcassets */ = {isa = PBXFileReference; lastKnownFileType = folder.assetcatalog; path = Assets.xcassets; sourceTree = "<group>"; };
		504EC3111FED79650016851F /* Base */ = {isa = PBXFileReference; lastKnownFileType = file.storyboard; name = Base; path = Base.lproj/LaunchScreen.storyboard; sourceTree = "<group>"; };
		504EC3131FED79650016851F /* Info.plist */ = {isa = PBXFileReference; lastKnownFileType = text.plist.xml; path = Info.plist; sourceTree = "<group>"; };
		50B271D01FEDC1A000F3C39B /* public */ = {isa = PBXFileReference; lastKnownFileType = folder; path = public; sourceTree = "<group>"; };
		553B8BF3677F8970A9F8B943 /* RPEModelTests.swift */ = {isa = PBXFileReference; includeInIndex = 1; lastKnownFileType = sourcecode.swift; path = "../SendLogWatchCore/Tests/SendLogWatchCoreTests/RPEModelTests.swift"; sourceTree = "<group>"; };
		906892CDB6C18118BDF95638 /* RPEDepletionTests.swift */ = {isa = PBXFileReference; includeInIndex = 1; lastKnownFileType = sourcecode.swift; path = "../SendLogWatchCore/Tests/SendLogWatchCoreTests/RPEDepletionTests.swift"; sourceTree = "<group>"; };
		5C4B3A2918706F5E4D3C2B1A /* PendingQueueUserMatchTests.swift */ = {isa = PBXFileReference; includeInIndex = 1; lastKnownFileType = sourcecode.swift; path = "../SendLogWatchCore/Tests/SendLogWatchCoreTests/PendingQueueUserMatchTests.swift"; sourceTree = "<group>"; };
		F5E4D3C2B1A029384756A1B2 /* ACWRTests.swift */ = {isa = PBXFileReference; includeInIndex = 1; lastKnownFileType = sourcecode.swift; path = "../SendLogWatchCore/Tests/SendLogWatchCoreTests/ACWRTests.swift"; sourceTree = "<group>"; };
		56044BF7621E26700DF3ACBC /* LiveActivityIntents.swift */ = {isa = PBXFileReference; includeInIndex = 1; lastKnownFileType = sourcecode.swift; path = LiveActivityIntents.swift; sourceTree = "<group>"; };
		6CA278E81C6E14A40B4C9C69 /* Foundation.framework */ = {isa = PBXFileReference; lastKnownFileType = wrapper.framework; name = Foundation.framework; path = Platforms/WatchOS.platform/Developer/SDKs/WatchOS26.0.sdk/System/Library/Frameworks/Foundation.framework; sourceTree = DEVELOPER_DIR; };
		929803D573A0FA4074230787 /* DateExtensionsTests.swift */ = {isa = PBXFileReference; includeInIndex = 1; lastKnownFileType = sourcecode.swift; path = "../SendLogWatchCore/Tests/SendLogWatchCoreTests/DateExtensionsTests.swift"; sourceTree = "<group>"; };
		958DCC722DB07C7200EA8C5F /* debug.xcconfig */ = {isa = PBXFileReference; lastKnownFileType = text.xcconfig; name = debug.xcconfig; path = ../debug.xcconfig; sourceTree = SOURCE_ROOT; };
		9EC9F5B488A0339C14A6B73A /* TindeqProtocolTests.swift */ = {isa = PBXFileReference; includeInIndex = 1; lastKnownFileType = sourcecode.swift; path = "../SendLogWatchCore/Tests/SendLogWatchCoreTests/TindeqProtocolTests.swift"; sourceTree = "<group>"; };
		9FCA288E59184D0B2FCD2E0D /* SendLogWatchTests.xctest */ = {isa = PBXFileReference; explicitFileType = wrapper.cfbundle; includeInIndex = 0; path = SendLogWatchTests.xctest; sourceTree = BUILT_PRODUCTS_DIR; };
		A1C7C9314801ADDD0DB38472 /* TindeqRecordingLimitTests.swift */ = {isa = PBXFileReference; includeInIndex = 1; lastKnownFileType = sourcecode.swift; name = TindeqRecordingLimitTests.swift; path = "../SendLogWatchCore/Tests/SendLogWatchCoreTests/TindeqRecordingLimitTests.swift"; sourceTree = "<group>"; };
		C78B4050D2AFE4FFC205D1C0 /* TagReconciliationTests.swift */ = {isa = PBXFileReference; includeInIndex = 1; lastKnownFileType = sourcecode.swift; path = "../SendLogWatchCore/Tests/SendLogWatchCoreTests/TagReconciliationTests.swift"; sourceTree = "<group>"; };
/* End PBXFileReference section */

/* Begin PBXFileSystemSynchronizedRootGroup section */
		328AD0DD30045D4800E07518 /* SendLogWatch Watch App */ = {
			isa = PBXFileSystemSynchronizedRootGroup;
			exceptions = (
			);
			explicitFileTypes = {
			};
			explicitFolders = (
			);
			path = "SendLogWatch Watch App";
			sourceTree = "<group>";
		};
		4ADAA864710E2A647B96D4F8 /* SendLogWatchWidgets */ = {
			isa = PBXFileSystemSynchronizedRootGroup;
			exceptions = (
			);
			explicitFileTypes = {
			};
			explicitFolders = (
			);
			path = SendLogWatchWidgets;
			sourceTree = "<group>";
		};
		F7F1ED539BCB08514B5E7073 /* SendmeterWidgets */ = {
			isa = PBXFileSystemSynchronizedRootGroup;
			exceptions = (
			);
			explicitFileTypes = {
			};
			explicitFolders = (
			);
			path = SendmeterWidgets;
			sourceTree = "<group>";
		};
/* End PBXFileSystemSynchronizedRootGroup section */

/* Begin PBXFrameworksBuildPhase section */
		328AD0D930045D4800E07518 /* Frameworks */ = {
			isa = PBXFrameworksBuildPhase;
			buildActionMask = 2147483647;
			files = (
				498D2C0A73BE410711C4CD53 /* Supabase in Frameworks */,
				5EC0A003B003C003D003E003 /* SendLogWatchCore in Frameworks */,
			);
			runOnlyForDeploymentPostprocessing = 0;
		};
		504EC3011FED79650016851F /* Frameworks */ = {
			isa = PBXFrameworksBuildPhase;
			buildActionMask = 2147483647;
			files = (
				4D22ABE92AF431CB00220026 /* CapApp-SPM in Frameworks */,
			);
			runOnlyForDeploymentPostprocessing = 0;
		};
		925B7F352C7B8AB18C7A1C8D /* Frameworks */ = {
			isa = PBXFrameworksBuildPhase;
			buildActionMask = 2147483647;
			files = (
				37845A5B0C017FA359DFDF8E /* Foundation.framework in Frameworks */,
			);
			runOnlyForDeploymentPostprocessing = 0;
		};
		D1A76B0B4CD0CE51D2771881 /* Frameworks */ = {
			isa = PBXFrameworksBuildPhase;
			buildActionMask = 2147483647;
			files = (
				CBB4AD95D3BAB579DA581273 /* Foundation.framework in Frameworks */,
				5EC0A005B005C005D005E005 /* SendLogWatchCore in Frameworks */,
			);
			runOnlyForDeploymentPostprocessing = 0;
		};
		E9745B0500EA7AE62596F0E1 /* Frameworks */ = {
			isa = PBXFrameworksBuildPhase;
			buildActionMask = 2147483647;
			files = (
				3A856EED4D66D4946E91DCAA /* Foundation.framework in Frameworks */,
			);
			runOnlyForDeploymentPostprocessing = 0;
		};
/* End PBXFrameworksBuildPhase section */

/* Begin PBXGroup section */
		2111CB97DE6B0751E43A1190 /* SendLogWatchTests */ = {
			isa = PBXGroup;
			children = (
				1656D7A7F87A58F009959FCB /* AttemptDetectorTests.swift */,
				F5E4D3C2B1A029384756A1B2 /* ACWRTests.swift */,
				929803D573A0FA4074230787 /* DateExtensionsTests.swift */,
				5C4B3A2918706F5E4D3C2B1A /* PendingQueueUserMatchTests.swift */,
				553B8BF3677F8970A9F8B943 /* RPEModelTests.swift */,
				9EC9F5B488A0339C14A6B73A /* TindeqProtocolTests.swift */,
				C78B4050D2AFE4FFC205D1C0 /* TagReconciliationTests.swift */,
				906892CDB6C18118BDF95638 /* RPEDepletionTests.swift */,
				A1C7C9314801ADDD0DB38472 /* TindeqRecordingLimitTests.swift */,
			);
			path = SendLogWatchTests;
			sourceTree = "<group>";
		};
		242019BE420E46728687BB67 /* iOS */ = {
			isa = PBXGroup;
			children = (
				481650BBB5C256BE2759C477 /* Foundation.framework */,
			);
			name = iOS;
			sourceTree = "<group>";
		};
		328AD2C53004617A00E07518 /* Frameworks */ = {
			isa = PBXGroup;
			children = (
				DB3DA785B7D88C5F8037E8F1 /* watchOS */,
				242019BE420E46728687BB67 /* iOS */,
			);
			name = Frameworks;
			sourceTree = "<group>";
		};
		504EC2FB1FED79650016851F = {
			isa = PBXGroup;
			children = (
				958DCC722DB07C7200EA8C5F /* debug.xcconfig */,
				504EC3061FED79650016851F /* App */,
				328AD0DD30045D4800E07518 /* SendLogWatch Watch App */,
				328AD2C53004617A00E07518 /* Frameworks */,
				504EC3051FED79650016851F /* Products */,
				2111CB97DE6B0751E43A1190 /* SendLogWatchTests */,
				F7F1ED539BCB08514B5E7073 /* SendmeterWidgets */,
				4ADAA864710E2A647B96D4F8 /* SendLogWatchWidgets */,
			);
			sourceTree = "<group>";
		};
		504EC3051FED79650016851F /* Products */ = {
			isa = PBXGroup;
			children = (
				504EC3041FED79650016851F /* App.app */,
				328AD0DC30045D4800E07518 /* SendLogWatch Watch App.app */,
				9FCA288E59184D0B2FCD2E0D /* SendLogWatchTests.xctest */,
				32A305250A36E690BA4EB57B /* SendmeterWidgets.appex */,
				4ED1337E0BF37CC3D16491E5 /* SendLogWatchWidgets.appex */,
			);
			name = Products;
			sourceTree = "<group>";
		};
		504EC3061FED79650016851F /* App */ = {
			isa = PBXGroup;
			children = (
				50379B222058CBB4000EE86E /* capacitor.config.json */,
				504EC3071FED79650016851F /* AppDelegate.swift */,
				504EC30B1FED79650016851F /* Main.storyboard */,
				504EC30E1FED79650016851F /* Assets.xcassets */,
				504EC3101FED79650016851F /* LaunchScreen.storyboard */,
				504EC3131FED79650016851F /* Info.plist */,
				2FAD9762203C412B000D30F8 /* config.xml */,
				50B271D01FEDC1A000F3C39B /* public */,
				56044BF7621E26700DF3ACBC /* LiveActivityIntents.swift */,
				4CCE65502100282783D5231B /* PrivacyInfo.xcprivacy */,
			);
			path = App;
			sourceTree = "<group>";
		};
		DB3DA785B7D88C5F8037E8F1 /* watchOS */ = {
			isa = PBXGroup;
			children = (
				6CA278E81C6E14A40B4C9C69 /* Foundation.framework */,
			);
			name = watchOS;
			sourceTree = "<group>";
		};
/* End PBXGroup section */

/* Begin PBXNativeTarget section */
		1EB3C9CF7861F80AF4D24357 /* SendmeterWidgets */ = {
			isa = PBXNativeTarget;
			buildConfigurationList = 53D468724505DE988B806DC9 /* Build configuration list for PBXNativeTarget "SendmeterWidgets" */;
			buildPhases = (
				4F564E0660E3D1B6C5D6C097 /* Sources */,
				E9745B0500EA7AE62596F0E1 /* Frameworks */,
				1BB8DA5E87E7C6B04A8E4FDC /* Resources */,
			);
			buildRules = (
			);
			dependencies = (
			);
			fileSystemSynchronizedGroups = (
				F7F1ED539BCB08514B5E7073 /* SendmeterWidgets */,
			);
			name = SendmeterWidgets;
			productName = SendmeterWidgets;
			productReference = 32A305250A36E690BA4EB57B /* SendmeterWidgets.appex */;
			productType = "com.apple.product-type.app-extension";
		};
		328AD0DB30045D4800E07518 /* SendLogWatch Watch App */ = {
			isa = PBXNativeTarget;
			buildConfigurationList = 328AD0E630045D4A00E07518 /* Build configuration list for PBXNativeTarget "SendLogWatch Watch App" */;
			buildPhases = (
				328AD0D830045D4800E07518 /* Sources */,
				328AD0D930045D4800E07518 /* Frameworks */,
				328AD0DA30045D4800E07518 /* Resources */,
				2B157C3DA87086072CF72B26 /* Embed Foundation Extensions */,
			);
			buildRules = (
			);
			dependencies = (
				50BD5130457EEAF3448150F6 /* PBXTargetDependency */,
			);
			fileSystemSynchronizedGroups = (
				328AD0DD30045D4800E07518 /* SendLogWatch Watch App */,
			);
			name = "SendLogWatch Watch App";
			packageProductDependencies = (
				665354DA3AF13BA04D7AADA0 /* Supabase */,
				5EC0A002B002C002D002E002 /* SendLogWatchCore */,
			);
			productName = "SendLogWatch Watch App";
			productReference = 328AD0DC30045D4800E07518 /* SendLogWatch Watch App.app */;
			productType = "com.apple.product-type.application";
		};
		504EC3031FED79650016851F /* App */ = {
			isa = PBXNativeTarget;
			buildConfigurationList = 504EC3161FED79650016851F /* Build configuration list for PBXNativeTarget "App" */;
			buildPhases = (
				504EC3001FED79650016851F /* Sources */,
				504EC3011FED79650016851F /* Frameworks */,
				504EC3021FED79650016851F /* Resources */,
				328AD2C93004617A00E07518 /* Embed Watch Content */,
				50CF4BAB3B560626A8238CD7 /* Embed Foundation Extensions */,
			);
			buildRules = (
			);
			dependencies = (
				328AD2C83004617A00E07518 /* PBXTargetDependency */,
				328AD2CB3004618C00E07518 /* PBXTargetDependency */,
				328AD2CD300461AE00E07518 /* PBXTargetDependency */,
				19FADD1257B19A37605D5263 /* PBXTargetDependency */,
			);
			name = App;
			packageProductDependencies = (
				4D22ABE82AF431CB00220026 /* CapApp-SPM */,
			);
			productName = App;
			productReference = 504EC3041FED79650016851F /* App.app */;
			productType = "com.apple.product-type.application";
		};
		60A19C964BD106A18093FF4D /* SendLogWatchTests */ = {
			isa = PBXNativeTarget;
			buildConfigurationList = 9FCF4A54177F42DD8621C8C5 /* Build configuration list for PBXNativeTarget "SendLogWatchTests" */;
			buildPhases = (
				0A61D55DE84B6ED58B6BC48B /* Sources */,
				D1A76B0B4CD0CE51D2771881 /* Frameworks */,
				9B26B8D84898B697D0F26A16 /* Resources */,
			);
			buildRules = (
			);
			dependencies = (
				13C2E30F42D1EAD88E275373 /* PBXTargetDependency */,
			);
			name = SendLogWatchTests;
			packageProductDependencies = (
				5EC0A004B004C004D004E004 /* SendLogWatchCore */,
			);
			productName = SendLogWatchTests;
			productReference = 9FCA288E59184D0B2FCD2E0D /* SendLogWatchTests.xctest */;
			productType = "com.apple.product-type.bundle.unit-test";
		};
		B2CF05C3E88AD814CCA34E28 /* SendLogWatchWidgets */ = {
			isa = PBXNativeTarget;
			buildConfigurationList = A21F8F8828A749BEABA14E33 /* Build configuration list for PBXNativeTarget "SendLogWatchWidgets" */;
			buildPhases = (
				4D0C97B48CC2493A2F27D82D /* Sources */,
				925B7F352C7B8AB18C7A1C8D /* Frameworks */,
				8A57C591304DF62B7A6AE9BE /* Resources */,
			);
			buildRules = (
			);
			dependencies = (
			);
			fileSystemSynchronizedGroups = (
				4ADAA864710E2A647B96D4F8 /* SendLogWatchWidgets */,
			);
			name = SendLogWatchWidgets;
			productName = SendLogWatchWidgets;
			productReference = 4ED1337E0BF37CC3D16491E5 /* SendLogWatchWidgets.appex */;
			productType = "com.apple.product-type.app-extension";
		};
/* End PBXNativeTarget section */

/* Begin PBXProject section */
		504EC2FC1FED79650016851F /* Project object */ = {
			isa = PBXProject;
			attributes = {
				LastSwiftUpdateCheck = 2660;
				LastUpgradeCheck = 0920;
				TargetAttributes = {
					328AD0DB30045D4800E07518 = {
						CreatedOnToolsVersion = 26.6;
					};
					504EC3031FED79650016851F = {
						CreatedOnToolsVersion = 9.2;
						LastSwiftMigration = 1100;
						ProvisioningStyle = Automatic;
					};
				};
			};
			buildConfigurationList = 504EC2FF1FED79650016851F /* Build configuration list for PBXProject "App" */;
			compatibilityVersion = "Xcode 8.0";
			developmentRegion = en;
			hasScannedForEncodings = 0;
			knownRegions = (
				en,
				Base,
			);
			mainGroup = 504EC2FB1FED79650016851F;
			packageReferences = (
				D4C12C0A2AAA248700AAC8A2 /* XCLocalSwiftPackageReference "CapApp-SPM" */,
				B5E75921EB0124F7376FBBFD /* XCRemoteSwiftPackageReference "supabase-swift" */,
				5EC0A001B001C001D001E001 /* XCLocalSwiftPackageReference "SendLogWatchCore" */,
			);
			productRefGroup = 504EC3051FED79650016851F /* Products */;
			projectDirPath = "";
			projectRoot = "";
			targets = (
				504EC3031FED79650016851F /* App */,
				328AD0DB30045D4800E07518 /* SendLogWatch Watch App */,
				60A19C964BD106A18093FF4D /* SendLogWatchTests */,
				1EB3C9CF7861F80AF4D24357 /* SendmeterWidgets */,
				B2CF05C3E88AD814CCA34E28 /* SendLogWatchWidgets */,
			);
		};
/* End PBXProject section */

/* Begin PBXResourcesBuildPhase section */
		1BB8DA5E87E7C6B04A8E4FDC /* Resources */ = {
			isa = PBXResourcesBuildPhase;
			buildActionMask = 2147483647;
			files = (
			);
			runOnlyForDeploymentPostprocessing = 0;
		};
		328AD0DA30045D4800E07518 /* Resources */ = {
			isa = PBXResourcesBuildPhase;
			buildActionMask = 2147483647;
			files = (
			);
			runOnlyForDeploymentPostprocessing = 0;
		};
		504EC3021FED79650016851F /* Resources */ = {
			isa = PBXResourcesBuildPhase;
			buildActionMask = 2147483647;
			files = (
				504EC3121FED79650016851F /* LaunchScreen.storyboard in Resources */,
				50B271D11FEDC1A000F3C39B /* public in Resources */,
				504EC30F1FED79650016851F /* Assets.xcassets in Resources */,
				50379B232058CBB4000EE86E /* capacitor.config.json in Resources */,
				504EC30D1FED79650016851F /* Main.storyboard in Resources */,
				2FAD9763203C412B000D30F8 /* config.xml in Resources */,
				2FEC1DFCEBB8AE841B0DD4E3 /* PrivacyInfo.xcprivacy in Resources */,
			);
			runOnlyForDeploymentPostprocessing = 0;
		};
		8A57C591304DF62B7A6AE9BE /* Resources */ = {
			isa = PBXResourcesBuildPhase;
			buildActionMask = 2147483647;
			files = (
			);
			runOnlyForDeploymentPostprocessing = 0;
		};
		9B26B8D84898B697D0F26A16 /* Resources */ = {
			isa = PBXResourcesBuildPhase;
			buildActionMask = 2147483647;
			files = (
			);
			runOnlyForDeploymentPostprocessing = 0;
		};
/* End PBXResourcesBuildPhase section */

/* Begin PBXSourcesBuildPhase section */
		0A61D55DE84B6ED58B6BC48B /* Sources */ = {
			isa = PBXSourcesBuildPhase;
			buildActionMask = 2147483647;
			files = (
				E66495B25A205483CE4E7931 /* AttemptDetectorTests.swift in Sources */,
				D1C2B3A4F5E6708192A3B4C5 /* ACWRTests.swift in Sources */,
				4F9BA0DA906E18E88FCDFCA8 /* DateExtensionsTests.swift in Sources */,
				A1B2C3D4E5F60718293A4B5C /* PendingQueueUserMatchTests.swift in Sources */,
				607EED49313DF8C069EB9C0E /* RPEModelTests.swift in Sources */,
				12574DD8CDB9DC854DF1002A /* TindeqProtocolTests.swift in Sources */,
				703E0DDDB01CECCD44C5799A /* TagReconciliationTests.swift in Sources */,
				4663826F0A95D4D7C303497D /* RPEDepletionTests.swift in Sources */,
				1BF20E03909FE5E21FAE141B /* TindeqRecordingLimitTests.swift in Sources */,
			);
			runOnlyForDeploymentPostprocessing = 0;
		};
		328AD0D830045D4800E07518 /* Sources */ = {
			isa = PBXSourcesBuildPhase;
			buildActionMask = 2147483647;
			files = (
			);
			runOnlyForDeploymentPostprocessing = 0;
		};
		4D0C97B48CC2493A2F27D82D /* Sources */ = {
			isa = PBXSourcesBuildPhase;
			buildActionMask = 2147483647;
			files = (
			);
			runOnlyForDeploymentPostprocessing = 0;
		};
		4F564E0660E3D1B6C5D6C097 /* Sources */ = {
			isa = PBXSourcesBuildPhase;
			buildActionMask = 2147483647;
			files = (
			);
			runOnlyForDeploymentPostprocessing = 0;
		};
		504EC3001FED79650016851F /* Sources */ = {
			isa = PBXSourcesBuildPhase;
			buildActionMask = 2147483647;
			files = (
				504EC3081FED79650016851F /* AppDelegate.swift in Sources */,
				4544E159901794DC3E085205 /* LiveActivityIntents.swift in Sources */,
			);
			runOnlyForDeploymentPostprocessing = 0;
		};
/* End PBXSourcesBuildPhase section */

/* Begin PBXTargetDependency section */
		13C2E30F42D1EAD88E275373 /* PBXTargetDependency */ = {
			isa = PBXTargetDependency;
			name = "SendLogWatch Watch App";
			target = 328AD0DB30045D4800E07518 /* SendLogWatch Watch App */;
			targetProxy = F083A730EE0D89E5788A27C9 /* PBXContainerItemProxy */;
		};
		19FADD1257B19A37605D5263 /* PBXTargetDependency */ = {
			isa = PBXTargetDependency;
			name = SendmeterWidgets;
			target = 1EB3C9CF7861F80AF4D24357 /* SendmeterWidgets */;
			targetProxy = 926733BC9EC40EC0249A7CBB /* PBXContainerItemProxy */;
		};
		328AD2C83004617A00E07518 /* PBXTargetDependency */ = {
			isa = PBXTargetDependency;
			target = 328AD0DB30045D4800E07518 /* SendLogWatch Watch App */;
			targetProxy = 328AD2C73004617A00E07518 /* PBXContainerItemProxy */;
		};
		328AD2CB3004618C00E07518 /* PBXTargetDependency */ = {
			isa = PBXTargetDependency;
			target = 328AD0DB30045D4800E07518 /* SendLogWatch Watch App */;
			targetProxy = 328AD2CA3004618C00E07518 /* PBXContainerItemProxy */;
		};
		328AD2CD300461AE00E07518 /* PBXTargetDependency */ = {
			isa = PBXTargetDependency;
			target = 328AD0DB30045D4800E07518 /* SendLogWatch Watch App */;
			targetProxy = 328AD2CC300461AE00E07518 /* PBXContainerItemProxy */;
		};
		50BD5130457EEAF3448150F6 /* PBXTargetDependency */ = {
			isa = PBXTargetDependency;
			name = SendLogWatchWidgets;
			target = B2CF05C3E88AD814CCA34E28 /* SendLogWatchWidgets */;
			targetProxy = 123B8A60F58E2F120CF01DC9 /* PBXContainerItemProxy */;
		};
/* End PBXTargetDependency section */

/* Begin PBXVariantGroup section */
		504EC30B1FED79650016851F /* Main.storyboard */ = {
			isa = PBXVariantGroup;
			children = (
				504EC30C1FED79650016851F /* Base */,
			);
			name = Main.storyboard;
			sourceTree = "<group>";
		};
		504EC3101FED79650016851F /* LaunchScreen.storyboard */ = {
			isa = PBXVariantGroup;
			children = (
				504EC3111FED79650016851F /* Base */,
			);
			name = LaunchScreen.storyboard;
			sourceTree = "<group>";
		};
/* End PBXVariantGroup section */

/* Begin XCBuildConfiguration section */
		055A33EAF66C413E1F72DAF6 /* Debug */ = {
			isa = XCBuildConfiguration;
			buildSettings = {
				CODE_SIGN_ENTITLEMENTS = SendLogWatchWidgets/SendLogWatchWidgets.entitlements;
				CODE_SIGN_IDENTITY = "Apple Development";
				CODE_SIGN_STYLE = Automatic;
				CURRENT_PROJECT_VERSION = 1;
				DEVELOPMENT_TEAM = 9244PWFYD7;
				GENERATE_INFOPLIST_FILE = YES;
				INFOPLIST_FILE = "SendLogWatchWidgets-Info.plist";
				INFOPLIST_KEY_CFBundleDisplayName = Sendmeter;
				LD_RUNPATH_SEARCH_PATHS = (
					"$(inherited)",
					"@executable_path/Frameworks",
					"@executable_path/../../Frameworks",
				);
				MARKETING_VERSION = 1.0;
				PRODUCT_BUNDLE_IDENTIFIER = com.jirathip.sendlog.watchkitapp.widgets;
				PRODUCT_NAME = "$(TARGET_NAME)";
				PROVISIONING_PROFILE_SPECIFIER = "";
				SDKROOT = watchos;
				SKIP_INSTALL = YES;
				SWIFT_EMIT_LOC_STRINGS = YES;
				SWIFT_VERSION = 5.0;
				TARGETED_DEVICE_FAMILY = 4;
				WATCHOS_DEPLOYMENT_TARGET = 10.0;
			};
			name = Debug;
		};
		18059E1B140F7633806A6784 /* Release */ = {
			isa = XCBuildConfiguration;
			buildSettings = {
				CODE_SIGN_ENTITLEMENTS = SendLogWatchWidgets/SendLogWatchWidgets.entitlements;
				CODE_SIGN_IDENTITY = "Apple Development";
				CODE_SIGN_STYLE = Automatic;
				CURRENT_PROJECT_VERSION = 1;
				DEVELOPMENT_TEAM = 9244PWFYD7;
				GENERATE_INFOPLIST_FILE = YES;
				INFOPLIST_FILE = "SendLogWatchWidgets-Info.plist";
				INFOPLIST_KEY_CFBundleDisplayName = Sendmeter;
				LD_RUNPATH_SEARCH_PATHS = (
					"$(inherited)",
					"@executable_path/Frameworks",
					"@executable_path/../../Frameworks",
				);
				MARKETING_VERSION = 1.0;
				PRODUCT_BUNDLE_IDENTIFIER = com.jirathip.sendlog.watchkitapp.widgets;
				PRODUCT_NAME = "$(TARGET_NAME)";
				PROVISIONING_PROFILE_SPECIFIER = "";
				SDKROOT = watchos;
				SKIP_INSTALL = YES;
				SWIFT_EMIT_LOC_STRINGS = YES;
				SWIFT_VERSION = 5.0;
				TARGETED_DEVICE_FAMILY = 4;
				VALIDATE_PRODUCT = YES;
				WATCHOS_DEPLOYMENT_TARGET = 10.0;
			};
			name = Release;
		};
		2F4261F168D66860048A64EF /* Debug */ = {
			isa = XCBuildConfiguration;
			buildSettings = {
				CLANG_ENABLE_OBJC_WEAK = NO;
				CODE_SIGN_ENTITLEMENTS = SendmeterWidgets/SendmeterWidgets.entitlements;
				CODE_SIGN_STYLE = Automatic;
				CURRENT_PROJECT_VERSION = 1;
				DEVELOPMENT_TEAM = 9244PWFYD7;
				GENERATE_INFOPLIST_FILE = YES;
				INFOPLIST_FILE = "SendmeterWidgets-Info.plist";
				INFOPLIST_KEY_CFBundleDisplayName = Sendmeter;
				IPHONEOS_DEPLOYMENT_TARGET = 17.0;
				MARKETING_VERSION = 1.0;
				PRODUCT_BUNDLE_IDENTIFIER = com.jirathip.sendlog.widgets;
				PRODUCT_NAME = "$(TARGET_NAME)";
				SDKROOT = iphoneos;
				SKIP_INSTALL = YES;
				SWIFT_EMIT_LOC_STRINGS = YES;
				SWIFT_VERSION = 5.0;
				TARGETED_DEVICE_FAMILY = "1,2";
			};
			name = Debug;
		};
		328AD0E430045D4A00E07518 /* Debug */ = {
			isa = XCBuildConfiguration;
			buildSettings = {
				ASSETCATALOG_COMPILER_APPICON_NAME = AppIcon;
				ASSETCATALOG_COMPILER_GENERATE_SWIFT_ASSET_SYMBOL_EXTENSIONS = YES;
				ASSETCATALOG_COMPILER_GLOBAL_ACCENT_COLOR_NAME = AccentColor;
				CLANG_CXX_LANGUAGE_STANDARD = "gnu++20";
				CLANG_ENABLE_OBJC_WEAK = YES;
				CLANG_WARN_DEPRECATED_OBJC_IMPLEMENTATIONS = YES;
				CLANG_WARN_OBJC_IMPLICIT_RETAIN_SELF = YES;
				CLANG_WARN_QUOTED_INCLUDE_IN_FRAMEWORK_HEADER = YES;
				CODE_SIGN_ENTITLEMENTS = "SendLogWatch Watch App/SendLogWatch.entitlements";
				CODE_SIGN_STYLE = Automatic;
				CURRENT_PROJECT_VERSION = 1;
				DEVELOPMENT_TEAM = 9244PWFYD7;
				ENABLE_PREVIEWS = YES;
				ENABLE_USER_SCRIPT_SANDBOXING = YES;
				GCC_C_LANGUAGE_STANDARD = gnu17;
				INFOPLIST_FILE = "SendLogWatch Watch App-Info.plist";
				LD_RUNPATH_SEARCH_PATHS = (
					"$(inherited)",
					"@executable_path/Frameworks",
				);
				LOCALIZATION_PREFERS_STRING_CATALOGS = YES;
				MARKETING_VERSION = 1.0;
				MTL_ENABLE_DEBUG_INFO = INCLUDE_SOURCE;
				MTL_FAST_MATH = YES;
				PRODUCT_BUNDLE_IDENTIFIER = com.jirathip.sendlog.watchkitapp;
				PRODUCT_NAME = "$(TARGET_NAME)";
				SDKROOT = watchos;
				SKIP_INSTALL = YES;
				STRING_CATALOG_GENERATE_SYMBOLS = YES;
				SWIFT_ACTIVE_COMPILATION_CONDITIONS = "DEBUG $(inherited)";
				SWIFT_APPROACHABLE_CONCURRENCY = YES;
				SWIFT_DEFAULT_ACTOR_ISOLATION = MainActor;
				SWIFT_EMIT_LOC_STRINGS = YES;
				SWIFT_UPCOMING_FEATURE_MEMBER_IMPORT_VISIBILITY = YES;
				SWIFT_VERSION = 5.0;
				TARGETED_DEVICE_FAMILY = 4;
				WATCHOS_DEPLOYMENT_TARGET = 10.0;
			};
			name = Debug;
		};
		328AD0E530045D4A00E07518 /* Release */ = {
			isa = XCBuildConfiguration;
			buildSettings = {
				ASSETCATALOG_COMPILER_APPICON_NAME = AppIcon;
				ASSETCATALOG_COMPILER_GENERATE_SWIFT_ASSET_SYMBOL_EXTENSIONS = YES;
				ASSETCATALOG_COMPILER_GLOBAL_ACCENT_COLOR_NAME = AccentColor;
				CLANG_CXX_LANGUAGE_STANDARD = "gnu++20";
				CLANG_ENABLE_OBJC_WEAK = YES;
				CLANG_WARN_DEPRECATED_OBJC_IMPLEMENTATIONS = YES;
				CLANG_WARN_OBJC_IMPLICIT_RETAIN_SELF = YES;
				CLANG_WARN_QUOTED_INCLUDE_IN_FRAMEWORK_HEADER = YES;
				CODE_SIGN_ENTITLEMENTS = "SendLogWatch Watch App/SendLogWatch.entitlements";
				CODE_SIGN_STYLE = Automatic;
				CURRENT_PROJECT_VERSION = 1;
				DEVELOPMENT_TEAM = 9244PWFYD7;
				ENABLE_PREVIEWS = YES;
				ENABLE_USER_SCRIPT_SANDBOXING = YES;
				GCC_C_LANGUAGE_STANDARD = gnu17;
				INFOPLIST_FILE = "SendLogWatch Watch App-Info.plist";
				LD_RUNPATH_SEARCH_PATHS = (
					"$(inherited)",
					"@executable_path/Frameworks",
				);
				LOCALIZATION_PREFERS_STRING_CATALOGS = YES;
				MARKETING_VERSION = 1.0;
				MTL_FAST_MATH = YES;
				PRODUCT_BUNDLE_IDENTIFIER = com.jirathip.sendlog.watchkitapp;
				PRODUCT_NAME = "$(TARGET_NAME)";
				SDKROOT = watchos;
				SKIP_INSTALL = YES;
				STRING_CATALOG_GENERATE_SYMBOLS = YES;
				SWIFT_APPROACHABLE_CONCURRENCY = YES;
				SWIFT_DEFAULT_ACTOR_ISOLATION = MainActor;
				SWIFT_EMIT_LOC_STRINGS = YES;
				SWIFT_UPCOMING_FEATURE_MEMBER_IMPORT_VISIBILITY = YES;
				SWIFT_VERSION = 5.0;
				TARGETED_DEVICE_FAMILY = 4;
				WATCHOS_DEPLOYMENT_TARGET = 10.0;
			};
			name = Release;
		};
		504EC3141FED79650016851F /* Debug */ = {
			isa = XCBuildConfiguration;
			baseConfigurationReference = 958DCC722DB07C7200EA8C5F /* debug.xcconfig */;
			buildSettings = {
				ALWAYS_SEARCH_USER_PATHS = NO;
				CLANG_ANALYZER_NONNULL = YES;
				CLANG_ANALYZER_NUMBER_OBJECT_CONVERSION = YES_AGGRESSIVE;
				CLANG_CXX_LANGUAGE_STANDARD = "gnu++14";
				CLANG_CXX_LIBRARY = "libc++";
				CLANG_ENABLE_MODULES = YES;
				CLANG_ENABLE_OBJC_ARC = YES;
				CLANG_WARN_BLOCK_CAPTURE_AUTORELEASING = YES;
				CLANG_WARN_BOOL_CONVERSION = YES;
				CLANG_WARN_COMMA = YES;
				CLANG_WARN_CONSTANT_CONVERSION = YES;
				CLANG_WARN_DIRECT_OBJC_ISA_USAGE = YES_ERROR;
				CLANG_WARN_DOCUMENTATION_COMMENTS = YES;
				CLANG_WARN_EMPTY_BODY = YES;
				CLANG_WARN_ENUM_CONVERSION = YES;
				CLANG_WARN_INFINITE_RECURSION = YES;
				CLANG_WARN_INT_CONVERSION = YES;
				CLANG_WARN_NON_LITERAL_NULL_CONVERSION = YES;
				CLANG_WARN_OBJC_LITERAL_CONVERSION = YES;
				CLANG_WARN_OBJC_ROOT_CLASS = YES_ERROR;
				CLANG_WARN_RANGE_LOOP_ANALYSIS = YES;
				CLANG_WARN_STRICT_PROTOTYPES = YES;
				CLANG_WARN_SUSPICIOUS_MOVE = YES;
				CLANG_WARN_UNGUARDED_AVAILABILITY = YES_AGGRESSIVE;
				CLANG_WARN_UNREACHABLE_CODE = YES;
				CLANG_WARN__DUPLICATE_METHOD_MATCH = YES;
				CODE_SIGN_IDENTITY = "iPhone Developer";
				COPY_PHASE_STRIP = NO;
				DEBUG_INFORMATION_FORMAT = dwarf;
				ENABLE_STRICT_OBJC_MSGSEND = YES;
				ENABLE_TESTABILITY = YES;
				GCC_C_LANGUAGE_STANDARD = gnu11;
				GCC_DYNAMIC_NO_PIC = NO;
				GCC_NO_COMMON_BLOCKS = YES;
				GCC_OPTIMIZATION_LEVEL = 0;
				GCC_PREPROCESSOR_DEFINITIONS = (
					"DEBUG=1",
					"$(inherited)",
				);
				GCC_WARN_64_TO_32_BIT_CONVERSION = YES;
				GCC_WARN_ABOUT_RETURN_TYPE = YES_ERROR;
				GCC_WARN_UNDECLARED_SELECTOR = YES;
				GCC_WARN_UNINITIALIZED_AUTOS = YES_AGGRESSIVE;
				GCC_WARN_UNUSED_FUNCTION = YES;
				GCC_WARN_UNUSED_VARIABLE = YES;
				IPHONEOS_DEPLOYMENT_TARGET = 16.0;
				MTL_ENABLE_DEBUG_INFO = YES;
				ONLY_ACTIVE_ARCH = YES;
				SDKROOT = iphoneos;
				SWIFT_ACTIVE_COMPILATION_CONDITIONS = DEBUG;
				SWIFT_OPTIMIZATION_LEVEL = "-Onone";
			};
			name = Debug;
		};
		504EC3151FED79650016851F /* Release */ = {
			isa = XCBuildConfiguration;
			buildSettings = {
				ALWAYS_SEARCH_USER_PATHS = NO;
				CLANG_ANALYZER_NONNULL = YES;
				CLANG_ANALYZER_NUMBER_OBJECT_CONVERSION = YES_AGGRESSIVE;
				CLANG_CXX_LANGUAGE_STANDARD = "gnu++14";
				CLANG_CXX_LIBRARY = "libc++";
				CLANG_ENABLE_MODULES = YES;
				CLANG_ENABLE_OBJC_ARC = YES;
				CLANG_WARN_BLOCK_CAPTURE_AUTORELEASING = YES;
				CLANG_WARN_BOOL_CONVERSION = YES;
				CLANG_WARN_COMMA = YES;
				CLANG_WARN_CONSTANT_CONVERSION = YES;
				CLANG_WARN_DIRECT_OBJC_ISA_USAGE = YES_ERROR;
				CLANG_WARN_DOCUMENTATION_COMMENTS = YES;
				CLANG_WARN_EMPTY_BODY = YES;
				CLANG_WARN_ENUM_CONVERSION = YES;
				CLANG_WARN_INFINITE_RECURSION = YES;
				CLANG_WARN_INT_CONVERSION = YES;
				CLANG_WARN_NON_LITERAL_NULL_CONVERSION = YES;
				CLANG_WARN_OBJC_LITERAL_CONVERSION = YES;
				CLANG_WARN_OBJC_ROOT_CLASS = YES_ERROR;
				CLANG_WARN_RANGE_LOOP_ANALYSIS = YES;
				CLANG_WARN_STRICT_PROTOTYPES = YES;
				CLANG_WARN_SUSPICIOUS_MOVE = YES;
				CLANG_WARN_UNGUARDED_AVAILABILITY = YES_AGGRESSIVE;
				CLANG_WARN_UNREACHABLE_CODE = YES;
				CLANG_WARN__DUPLICATE_METHOD_MATCH = YES;
				CODE_SIGN_IDENTITY = "iPhone Developer";
				COPY_PHASE_STRIP = NO;
				DEBUG_INFORMATION_FORMAT = "dwarf-with-dsym";
				ENABLE_NS_ASSERTIONS = NO;
				ENABLE_STRICT_OBJC_MSGSEND = YES;
				GCC_C_LANGUAGE_STANDARD = gnu11;
				GCC_NO_COMMON_BLOCKS = YES;
				GCC_WARN_64_TO_32_BIT_CONVERSION = YES;
				GCC_WARN_ABOUT_RETURN_TYPE = YES_ERROR;
				GCC_WARN_UNDECLARED_SELECTOR = YES;
				GCC_WARN_UNINITIALIZED_AUTOS = YES_AGGRESSIVE;
				GCC_WARN_UNUSED_FUNCTION = YES;
				GCC_WARN_UNUSED_VARIABLE = YES;
				IPHONEOS_DEPLOYMENT_TARGET = 16.0;
				MTL_ENABLE_DEBUG_INFO = NO;
				SDKROOT = iphoneos;
				SWIFT_COMPILATION_MODE = wholemodule;
				SWIFT_OPTIMIZATION_LEVEL = "-O";
				VALIDATE_PRODUCT = YES;
			};
			name = Release;
		};
		504EC3171FED79650016851F /* Debug */ = {
			isa = XCBuildConfiguration;
			baseConfigurationReference = 958DCC722DB07C7200EA8C5F /* debug.xcconfig */;
			buildSettings = {
				ASSETCATALOG_COMPILER_APPICON_NAME = AppIcon;
				CODE_SIGN_ENTITLEMENTS = App/App.entitlements;
				CODE_SIGN_STYLE = Automatic;
				CURRENT_PROJECT_VERSION = 1;
				DEVELOPMENT_TEAM = 9244PWFYD7;
				INFOPLIST_FILE = App/Info.plist;
				IPHONEOS_DEPLOYMENT_TARGET = 16.0;
				LD_RUNPATH_SEARCH_PATHS = (
					"$(inherited)",
					"@executable_path/Frameworks",
				);
				MARKETING_VERSION = 1.0;
				OTHER_SWIFT_FLAGS = "$(inherited) \"-D\" \"COCOAPODS\" \"-DDEBUG\"";
				PRODUCT_BUNDLE_IDENTIFIER = com.jirathip.sendlog;
				PRODUCT_NAME = "$(TARGET_NAME)";
				SWIFT_ACTIVE_COMPILATION_CONDITIONS = DEBUG;
				SWIFT_VERSION = 5.0;
				TARGETED_DEVICE_FAMILY = "1,2";
			};
			name = Debug;
		};
		504EC3181FED79650016851F /* Release */ = {
			isa = XCBuildConfiguration;
			buildSettings = {
				ASSETCATALOG_COMPILER_APPICON_NAME = AppIcon;
				CODE_SIGN_ENTITLEMENTS = App/App.entitlements;
				CODE_SIGN_STYLE = Automatic;
				CURRENT_PROJECT_VERSION = 1;
				DEVELOPMENT_TEAM = 9244PWFYD7;
				INFOPLIST_FILE = App/Info.plist;
				IPHONEOS_DEPLOYMENT_TARGET = 16.0;
				LD_RUNPATH_SEARCH_PATHS = (
					"$(inherited)",
					"@executable_path/Frameworks",
				);
				MARKETING_VERSION = 1.0;
				PRODUCT_BUNDLE_IDENTIFIER = com.jirathip.sendlog;
				PRODUCT_NAME = "$(TARGET_NAME)";
				SWIFT_ACTIVE_COMPILATION_CONDITIONS = "";
				SWIFT_VERSION = 5.0;
				TARGETED_DEVICE_FAMILY = "1,2";
			};
			name = Release;
		};
		55FD554940444AAE280FC4AB /* Debug */ = {
			isa = XCBuildConfiguration;
			buildSettings = {
				BUNDLE_LOADER = "$(TEST_HOST)";
				CODE_SIGN_STYLE = Automatic;
				DEVELOPMENT_TEAM = 9244PWFYD7;
				GENERATE_INFOPLIST_FILE = YES;
				PRODUCT_BUNDLE_IDENTIFIER = com.jirathip.sendlog.watchkitapp.tests;
				PRODUCT_NAME = "$(TARGET_NAME)";
				SDKROOT = watchos;
				SWIFT_VERSION = 5.0;
				TARGETED_DEVICE_FAMILY = 4;
				TEST_HOST = "$(BUILT_PRODUCTS_DIR)/SendLogWatch Watch App.app/SendLogWatch Watch App";
				WATCHOS_DEPLOYMENT_TARGET = 10.0;
			};
			name = Debug;
		};
		D7DDED79B1081E4349A5150D /* Release */ = {
			isa = XCBuildConfiguration;
			buildSettings = {
				BUNDLE_LOADER = "$(TEST_HOST)";
				CODE_SIGN_STYLE = Automatic;
				DEVELOPMENT_TEAM = 9244PWFYD7;
				GENERATE_INFOPLIST_FILE = YES;
				PRODUCT_BUNDLE_IDENTIFIER = com.jirathip.sendlog.watchkitapp.tests;
				PRODUCT_NAME = "$(TARGET_NAME)";
				SDKROOT = watchos;
				SWIFT_VERSION = 5.0;
				TARGETED_DEVICE_FAMILY = 4;
				TEST_HOST = "$(BUILT_PRODUCTS_DIR)/SendLogWatch Watch App.app/SendLogWatch Watch App";
				VALIDATE_PRODUCT = YES;
				WATCHOS_DEPLOYMENT_TARGET = 10.0;
			};
			name = Release;
		};
		DA8DD77014B9AF462BEB8A42 /* Release */ = {
			isa = XCBuildConfiguration;
			buildSettings = {
				CLANG_ENABLE_OBJC_WEAK = NO;
				CODE_SIGN_ENTITLEMENTS = SendmeterWidgets/SendmeterWidgets.entitlements;
				CODE_SIGN_STYLE = Automatic;
				CURRENT_PROJECT_VERSION = 1;
				DEVELOPMENT_TEAM = 9244PWFYD7;
				GENERATE_INFOPLIST_FILE = YES;
				INFOPLIST_FILE = "SendmeterWidgets-Info.plist";
				INFOPLIST_KEY_CFBundleDisplayName = Sendmeter;
				IPHONEOS_DEPLOYMENT_TARGET = 17.0;
				MARKETING_VERSION = 1.0;
				PRODUCT_BUNDLE_IDENTIFIER = com.jirathip.sendlog.widgets;
				PRODUCT_NAME = "$(TARGET_NAME)";
				SDKROOT = iphoneos;
				SKIP_INSTALL = YES;
				SWIFT_EMIT_LOC_STRINGS = YES;
				SWIFT_VERSION = 5.0;
				TARGETED_DEVICE_FAMILY = "1,2";
				VALIDATE_PRODUCT = YES;
			};
			name = Release;
		};
/* End XCBuildConfiguration section */

/* Begin XCConfigurationList section */
		328AD0E630045D4A00E07518 /* Build configuration list for PBXNativeTarget "SendLogWatch Watch App" */ = {
			isa = XCConfigurationList;
			buildConfigurations = (
				328AD0E430045D4A00E07518 /* Debug */,
				328AD0E530045D4A00E07518 /* Release */,
			);
			defaultConfigurationIsVisible = 0;
			defaultConfigurationName = Release;
		};
		504EC2FF1FED79650016851F /* Build configuration list for PBXProject "App" */ = {
			isa = XCConfigurationList;
			buildConfigurations = (
				504EC3141FED79650016851F /* Debug */,
				504EC3151FED79650016851F /* Release */,
			);
			defaultConfigurationIsVisible = 0;
			defaultConfigurationName = Release;
		};
		504EC3161FED79650016851F /* Build configuration list for PBXNativeTarget "App" */ = {
			isa = XCConfigurationList;
			buildConfigurations = (
				504EC3171FED79650016851F /* Debug */,
				504EC3181FED79650016851F /* Release */,
			);
			defaultConfigurationIsVisible = 0;
			defaultConfigurationName = Release;
		};
		53D468724505DE988B806DC9 /* Build configuration list for PBXNativeTarget "SendmeterWidgets" */ = {
			isa = XCConfigurationList;
			buildConfigurations = (
				DA8DD77014B9AF462BEB8A42 /* Release */,
				2F4261F168D66860048A64EF /* Debug */,
			);
			defaultConfigurationIsVisible = 0;
			defaultConfigurationName = Release;
		};
		9FCF4A54177F42DD8621C8C5 /* Build configuration list for PBXNativeTarget "SendLogWatchTests" */ = {
			isa = XCConfigurationList;
			buildConfigurations = (
				D7DDED79B1081E4349A5150D /* Release */,
				55FD554940444AAE280FC4AB /* Debug */,
			);
			defaultConfigurationIsVisible = 0;
			defaultConfigurationName = Release;
		};
		A21F8F8828A749BEABA14E33 /* Build configuration list for PBXNativeTarget "SendLogWatchWidgets" */ = {
			isa = XCConfigurationList;
			buildConfigurations = (
				18059E1B140F7633806A6784 /* Release */,
				055A33EAF66C413E1F72DAF6 /* Debug */,
			);
			defaultConfigurationIsVisible = 0;
			defaultConfigurationName = Release;
		};
/* End XCConfigurationList section */

/* Begin XCLocalSwiftPackageReference section */
		5EC0A001B001C001D001E001 /* XCLocalSwiftPackageReference "SendLogWatchCore" */ = {
			isa = XCLocalSwiftPackageReference;
			relativePath = SendLogWatchCore;
		};
		D4C12C0A2AAA248700AAC8A2 /* XCLocalSwiftPackageReference "CapApp-SPM" */ = {
			isa = XCLocalSwiftPackageReference;
			relativePath = "CapApp-SPM";
		};
/* End XCLocalSwiftPackageReference section */

/* Begin XCRemoteSwiftPackageReference section */
		B5E75921EB0124F7376FBBFD /* XCRemoteSwiftPackageReference "supabase-swift" */ = {
			isa = XCRemoteSwiftPackageReference;
			repositoryURL = "https://github.com/supabase/supabase-swift";
			requirement = {
				kind = upToNextMajorVersion;
				minimumVersion = 2.5.0;
			};
		};
/* End XCRemoteSwiftPackageReference section */

/* Begin XCSwiftPackageProductDependency section */
		4D22ABE82AF431CB00220026 /* CapApp-SPM */ = {
			isa = XCSwiftPackageProductDependency;
			package = D4C12C0A2AAA248700AAC8A2 /* XCLocalSwiftPackageReference "CapApp-SPM" */;
			productName = "CapApp-SPM";
		};
		5EC0A002B002C002D002E002 /* SendLogWatchCore */ = {
			isa = XCSwiftPackageProductDependency;
			package = 5EC0A001B001C001D001E001 /* XCLocalSwiftPackageReference "SendLogWatchCore" */;
			productName = SendLogWatchCore;
		};
		5EC0A004B004C004D004E004 /* SendLogWatchCore */ = {
			isa = XCSwiftPackageProductDependency;
			package = 5EC0A001B001C001D001E001 /* XCLocalSwiftPackageReference "SendLogWatchCore" */;
			productName = SendLogWatchCore;
		};
		665354DA3AF13BA04D7AADA0 /* Supabase */ = {
			isa = XCSwiftPackageProductDependency;
			package = B5E75921EB0124F7376FBBFD /* XCRemoteSwiftPackageReference "supabase-swift" */;
			productName = Supabase;
		};
/* End XCSwiftPackageProductDependency section */
	};
	rootObject = 504EC2FC1FED79650016851F /* Project object */;
}
